{
  "name": "wjshop",
  "version": "1.1.8",
  "lockfileVersion": 1,
  "requires": true,
  "dependencies": {
    "cos-js-sdk-v5": {
      "version": "0.5.26",
      "resolved": "https://registry.npm.taobao.org/cos-js-sdk-v5/download/cos-js-sdk-v5-0.5.26.tgz",
      "integrity": "sha1-SUZ2LTU+CfuAouhEZqsNUjahZ84=",
      "requires": {
        "xmldom": "^0.1.27"
      }
    },
    "cos-wx-sdk-v5": {
      "version": "0.7.10",
      "resolved": "https://registry.npm.taobao.org/cos-wx-sdk-v5/download/cos-wx-sdk-v5-0.7.10.tgz",
      "integrity": "sha1-/srBpTPTvshs9UjGyPRDK1Dc4Gs=",
      "requires": {
        "xmldom": "^0.1.27"
      }
    },
    "echarts": {
      "version": "4.7.0",
      "resolved": "https://registry.npm.taobao.org/echarts/download/echarts-4.7.0.tgz",
      "integrity": "sha1-Wzh1pML5HjkpQl+rq56s5+QJiz8=",
      "requires": {
        "zrender": "4.3.0"
      }
    },
    "tim-js-sdk": {
      "version": "2.6.3",
      "resolved": "https://registry.npm.taobao.org/tim-js-sdk/download/tim-js-sdk-2.6.3.tgz",
      "integrity": "sha1-59fbIIS4c+/tYcNkEfXKZ7vBXuQ="
    },
    "tim-wx-sdk": {
      "version": "2.6.3",
      "resolved": "https://registry.npm.taobao.org/tim-wx-sdk/download/tim-wx-sdk-2.6.3.tgz",
      "integrity": "sha1-TNkPuMrOJA3aaMOYORFpSA9a7jk="
    },
    "xmldom": {
      "version": "0.1.31",
      "resolved": "https://registry.npm.taobao.org/xmldom/download/xmldom-0.1.31.tgz?cache=0&sync_timestamp=1583340617864&other_urls=https%3A%2F%2Fregistry.npm.taobao.org%2Fxmldom%2Fdownload%2Fxmldom-0.1.31.tgz",
      "integrity": "sha1-t2yaG9nwqXN+WnLcNyMc84N14v8="
    },
    "zrender": {
      "version": "4.3.0",
      "resolved": "https://registry.npm.taobao.org/zrender/download/zrender-4.3.0.tgz",
      "integrity": "sha1-nwVhIbILuuREFNKHv2oRn/cEJmE="
    }
  }
}
